
Microsoft Visual Studio Solution File, Format Version 12.00
# Visual Studio Version 17
VisualStudioVersion = 17.10.35027.167
MinimumVisualStudioVersion = 10.0.40219.1
Project("{FAE04EC0-301F-11D3-BF4B-00C04F79EFBC}") = "UserAndPost", "UserAndPost\UserAndPost.csproj", "{84B50E57-5B9F-4FC2-9492-099F915ED91F}"
EndProject
Project("{FAE04EC0-301F-11D3-BF4B-00C04F79EFBC}") = "UserAndPost.Core", "UserAndPost.Core\UserAndPost.Core.csproj", "{A3585964-FFF6-45A8-9B0B-371CFB5775D4}"
EndProject
Global
	GlobalSection(SolutionConfigurationPlatforms) = preSolution
		Debug|Any CPU = Debug|Any CPU
		Release|Any CPU = Release|Any CPU
	EndGlobalSection
	GlobalSection(ProjectConfigurationPlatforms) = postSolution
		{84B50E57-5B9F-4FC2-9492-099F915ED91F}.Debug|Any CPU.ActiveCfg = Debug|Any CPU
		{84B50E57-5B9F-4FC2-9492-099F915ED91F}.Debug|Any CPU.Build.0 = Debug|Any CPU
		{84B50E57-5B9F-4FC2-9492-099F915ED91F}.Release|Any CPU.ActiveCfg = Release|Any CPU
		{84B50E57-5B9F-4FC2-9492-099F915ED91F}.Release|Any CPU.Build.0 = Release|Any CPU
		{A3585964-FFF6-45A8-9B0B-371CFB5775D4}.Debug|Any CPU.ActiveCfg = Debug|Any CPU
		{A3585964-FFF6-45A8-9B0B-371CFB5775D4}.Debug|Any CPU.Build.0 = Debug|Any CPU
		{A3585964-FFF6-45A8-9B0B-371CFB5775D4}.Release|Any CPU.ActiveCfg = Release|Any CPU
		{A3585964-FFF6-45A8-9B0B-371CFB5775D4}.Release|Any CPU.Build.0 = Release|Any CPU
	EndGlobalSection
	GlobalSection(SolutionProperties) = preSolution
		HideSolutionNode = FALSE
	EndGlobalSection
	GlobalSection(ExtensibilityGlobals) = postSolution
		SolutionGuid = {28A3B823-DA80-42EE-89C6-6A7C74F1AFB7}
	EndGlobalSection
EndGlobal
